
Microsoft Visual Studio Solution File, Format Version 12.00
# Visual Studio Version 16
VisualStudioVersion = 16.0.29911.84
MinimumVisualStudioVersion = 10.0.40219.1
Project("{FAE04EC0-301F-11D3-BF4B-00C04F79EFBC}") = "PNG_Reader_2", "PNG_Reader_2\PNG_Reader_2.csproj", "{D29A0BCE-C6A7-4F09-9AD1-6CEED9661C63}"
EndProject
Global
	GlobalSection(SolutionConfigurationPlatforms) = preSolution
		Debug|Any CPU = Debug|Any CPU
		Release|Any CPU = Release|Any CPU
	EndGlobalSection
	GlobalSection(ProjectConfigurationPlatforms) = postSolution
		{D29A0BCE-C6A7-4F09-9AD1-6CEED9661C63}.Debug|Any CPU.ActiveCfg = Debug|Any CPU
		{D29A0BCE-C6A7-4F09-9AD1-6CEED9661C63}.Debug|Any CPU.Build.0 = Debug|Any CPU
		{D29A0BCE-C6A7-4F09-9AD1-6CEED9661C63}.Release|Any CPU.ActiveCfg = Release|Any CPU
		{D29A0BCE-C6A7-4F09-9AD1-6CEED9661C63}.Release|Any CPU.Build.0 = Release|Any CPU
	EndGlobalSection
	GlobalSection(SolutionProperties) = preSolution
		HideSolutionNode = FALSE
	EndGlobalSection
	GlobalSection(ExtensibilityGlobals) = postSolution
		SolutionGuid = {F837E778-AFCD-4420-8724-B5CFC2AB29A2}
	EndGlobalSection
EndGlobal
